
Microsoft Visual Studio Solution File, Format Version 12.00
# Visual Studio Version 16
VisualStudioVersion = 16.0.33927.289
MinimumVisualStudioVersion = 10.0.40219.1
Project("{2150E333-8FDC-42A3-9474-1A3956D46DE8}") = "0", "0", "{3F5D6AC8-1702-4F21-9B07-DA00ACD5515B}"
EndProject
Project("{FAE04EC0-301F-11D3-BF4B-00C04F79EFBC}") = "Tyuiu.IvanovJD.Sprint6.Task0.V11.Test", "Tyuiu.IvanovJD.Sprint6.Task0.V11.Test\Tyuiu.IvanovJD.Sprint6.Task0.V11.Test.csproj", "{F60690C6-CC5F-4A24-BDDE-44233774098B}"
EndProject
Project("{FAE04EC0-301F-11D3-BF4B-00C04F79EFBC}") = "Tyuiu.IvanovJD.Sprint6.Task0.V11.Lib", "Tyuiu.IvanovJD.Sprint6.Task0.V11.Lib\Tyuiu.IvanovJD.Sprint6.Task0.V11.Lib.csproj", "{626B8AD7-7466-48EA-BDA6-EF1CF21EA3BD}"
EndProject
Project("{FAE04EC0-301F-11D3-BF4B-00C04F79EFBC}") = "Tyuiu.IvanovJD.Sprint6.Task0.V11", "Tyuiu.IvanovJD.Sprint6.Task0.V11\Tyuiu.IvanovJD.Sprint6.Task0.V11.csproj", "{3D11EBCD-135E-458A-ABE6-25B45B0BC5CE}"
EndProject
Project("{FAE04EC0-301F-11D3-BF4B-00C04F79EFBC}") = "Tyuiu.IvanovJD.Sprint6.Task1.V19", "Tyuiu.IvanovJD.Sprint6.Task1.V19\Tyuiu.IvanovJD.Sprint6.Task1.V19.csproj", "{D685FF88-5BB4-4453-A5DC-F1119728DF7A}"
EndProject
Project("{FAE04EC0-301F-11D3-BF4B-00C04F79EFBC}") = "Tyuiu.IvanovJD.Sprint6.Task1.V19.Lib", "Tyuiu.IvanovJD.Sprint6.Task1.V19.Lib\Tyuiu.IvanovJD.Sprint6.Task1.V19.Lib.csproj", "{C24C1B2D-86E2-4A15-91A3-8420849D3AEB}"
EndProject
Project("{FAE04EC0-301F-11D3-BF4B-00C04F79EFBC}") = "Tyuiu.IvanovJD.Sprint6.Task1.V19.Test", "Tyuiu.IvanovJD.Sprint6.Task1.V19.Test\Tyuiu.IvanovJD.Sprint6.Task1.V19.Test.csproj", "{25CB44E3-E370-4625-AF48-180D8959DCD8}"
EndProject
Project("{2150E333-8FDC-42A3-9474-1A3956D46DE8}") = "2", "2", "{8901D524-2A19-4B26-89CD-5243E23C3BB6}"
EndProject
Project("{FAE04EC0-301F-11D3-BF4B-00C04F79EFBC}") = "Tyuiu.IvanovJD.Sprint6.Task2.V15", "Tyuiu.IvanovJD.Sprint6.Task2.V15\Tyuiu.IvanovJD.Sprint6.Task2.V15.csproj", "{2C239596-AC95-46D9-B96C-6466E3FF5EE5}"
EndProject
Project("{FAE04EC0-301F-11D3-BF4B-00C04F79EFBC}") = "Tyuiu.IvanovJD.Sprint6.Task2.V15.Test", "Tyuiu.IvanovJD.Sprint6.Task2.V15.Test\Tyuiu.IvanovJD.Sprint6.Task2.V15.Test.csproj", "{44EE3336-8150-4A01-AC4B-22F3C8D724A8}"
EndProject
Project("{FAE04EC0-301F-11D3-BF4B-00C04F79EFBC}") = "Tyuiu.IvanovJD.Sprint6.Task2.V15.Lib", "Tyuiu.IvanovJD.Sprint6.Task2.V15.Lib\Tyuiu.IvanovJD.Sprint6.Task2.V15.Lib.csproj", "{E8579389-AB78-47F2-8F87-B12654CEF767}"
EndProject
Project("{2150E333-8FDC-42A3-9474-1A3956D46DE8}") = "3", "3", "{43230CD5-6B79-48A5-9689-46C5815890C5}"
EndProject
Project("{FAE04EC0-301F-11D3-BF4B-00C04F79EFBC}") = "Tyuiu.IvanovJD.Sprint6.Task3.V4.Lib", "Tyuiu.IvanovJD.Sprint6.Task3.V4.Lib\Tyuiu.IvanovJD.Sprint6.Task3.V4.Lib.csproj", "{BB6622BE-C43F-495C-9AA2-3FCACDDC2D74}"
EndProject
Project("{FAE04EC0-301F-11D3-BF4B-00C04F79EFBC}") = "Tyuiu.IvanovJD.Sprint6.Task3.V4.Test", "Tyuiu.IvanovJD.Sprint6.Task3.V4.Test\Tyuiu.IvanovJD.Sprint6.Task3.V4.Test.csproj", "{C448951A-D5DE-4F2F-B9F2-F9284DB49C90}"
EndProject
Project("{FAE04EC0-301F-11D3-BF4B-00C04F79EFBC}") = "Tyuiu.IvanovJD.Sprint6.Task3.V4", "Tyuiu.IvanovJD.Sprint6.Task3.V4\Tyuiu.IvanovJD.Sprint6.Task3.V4.csproj", "{3B01AD99-3D43-4309-AD7A-3F039FED94CC}"
EndProject
Global
	GlobalSection(SolutionConfigurationPlatforms) = preSolution
		Debug|Any CPU = Debug|Any CPU
		Release|Any CPU = Release|Any CPU
	EndGlobalSection
	GlobalSection(ProjectConfigurationPlatforms) = postSolution
		{F60690C6-CC5F-4A24-BDDE-44233774098B}.Debug|Any CPU.ActiveCfg = Debug|Any CPU
		{F60690C6-CC5F-4A24-BDDE-44233774098B}.Debug|Any CPU.Build.0 = Debug|Any CPU
		{F60690C6-CC5F-4A24-BDDE-44233774098B}.Release|Any CPU.ActiveCfg = Release|Any CPU
		{F60690C6-CC5F-4A24-BDDE-44233774098B}.Release|Any CPU.Build.0 = Release|Any CPU
		{626B8AD7-7466-48EA-BDA6-EF1CF21EA3BD}.Debug|Any CPU.ActiveCfg = Debug|Any CPU
		{626B8AD7-7466-48EA-BDA6-EF1CF21EA3BD}.Debug|Any CPU.Build.0 = Debug|Any CPU
		{626B8AD7-7466-48EA-BDA6-EF1CF21EA3BD}.Release|Any CPU.ActiveCfg = Release|Any CPU
		{626B8AD7-7466-48EA-BDA6-EF1CF21EA3BD}.Release|Any CPU.Build.0 = Release|Any CPU
		{3D11EBCD-135E-458A-ABE6-25B45B0BC5CE}.Debug|Any CPU.ActiveCfg = Debug|Any CPU
		{3D11EBCD-135E-458A-ABE6-25B45B0BC5CE}.Debug|Any CPU.Build.0 = Debug|Any CPU
		{3D11EBCD-135E-458A-ABE6-25B45B0BC5CE}.Release|Any CPU.ActiveCfg = Release|Any CPU
		{3D11EBCD-135E-458A-ABE6-25B45B0BC5CE}.Release|Any CPU.Build.0 = Release|Any CPU
		{D685FF88-5BB4-4453-A5DC-F1119728DF7A}.Debug|Any CPU.ActiveCfg = Debug|Any CPU
		{D685FF88-5BB4-4453-A5DC-F1119728DF7A}.Debug|Any CPU.Build.0 = Debug|Any CPU
		{D685FF88-5BB4-4453-A5DC-F1119728DF7A}.Release|Any CPU.ActiveCfg = Release|Any CPU
		{D685FF88-5BB4-4453-A5DC-F1119728DF7A}.Release|Any CPU.Build.0 = Release|Any CPU
		{C24C1B2D-86E2-4A15-91A3-8420849D3AEB}.Debug|Any CPU.ActiveCfg = Debug|Any CPU
		{C24C1B2D-86E2-4A15-91A3-8420849D3AEB}.Debug|Any CPU.Build.0 = Debug|Any CPU
		{C24C1B2D-86E2-4A15-91A3-8420849D3AEB}.Release|Any CPU.ActiveCfg = Release|Any CPU
		{C24C1B2D-86E2-4A15-91A3-8420849D3AEB}.Release|Any CPU.Build.0 = Release|Any CPU
		{25CB44E3-E370-4625-AF48-180D8959DCD8}.Debug|Any CPU.ActiveCfg = Debug|Any CPU
		{25CB44E3-E370-4625-AF48-180D8959DCD8}.Debug|Any CPU.Build.0 = Debug|Any CPU
		{25CB44E3-E370-4625-AF48-180D8959DCD8}.Release|Any CPU.ActiveCfg = Release|Any CPU
		{25CB44E3-E370-4625-AF48-180D8959DCD8}.Release|Any CPU.Build.0 = Release|Any CPU
		{2C239596-AC95-46D9-B96C-6466E3FF5EE5}.Debug|Any CPU.ActiveCfg = Debug|Any CPU
		{2C239596-AC95-46D9-B96C-6466E3FF5EE5}.Debug|Any CPU.Build.0 = Debug|Any CPU
		{2C239596-AC95-46D9-B96C-6466E3FF5EE5}.Release|Any CPU.ActiveCfg = Release|Any CPU
		{2C239596-AC95-46D9-B96C-6466E3FF5EE5}.Release|Any CPU.Build.0 = Release|Any CPU
		{44EE3336-8150-4A01-AC4B-22F3C8D724A8}.Debug|Any CPU.ActiveCfg = Debug|Any CPU
		{44EE3336-8150-4A01-AC4B-22F3C8D724A8}.Debug|Any CPU.Build.0 = Debug|Any CPU
		{44EE3336-8150-4A01-AC4B-22F3C8D724A8}.Release|Any CPU.ActiveCfg = Release|Any CPU
		{44EE3336-8150-4A01-AC4B-22F3C8D724A8}.Release|Any CPU.Build.0 = Release|Any CPU
		{E8579389-AB78-47F2-8F87-B12654CEF767}.Debug|Any CPU.ActiveCfg = Debug|Any CPU
		{E8579389-AB78-47F2-8F87-B12654CEF767}.Debug|Any CPU.Build.0 = Debug|Any CPU
		{E8579389-AB78-47F2-8F87-B12654CEF767}.Release|Any CPU.ActiveCfg = Release|Any CPU
		{E8579389-AB78-47F2-8F87-B12654CEF767}.Release|Any CPU.Build.0 = Release|Any CPU
		{BB6622BE-C43F-495C-9AA2-3FCACDDC2D74}.Debug|Any CPU.ActiveCfg = Debug|Any CPU
		{BB6622BE-C43F-495C-9AA2-3FCACDDC2D74}.Debug|Any CPU.Build.0 = Debug|Any CPU
		{BB6622BE-C43F-495C-9AA2-3FCACDDC2D74}.Release|Any CPU.ActiveCfg = Release|Any CPU
		{BB6622BE-C43F-495C-9AA2-3FCACDDC2D74}.Release|Any CPU.Build.0 = Release|Any CPU
		{C448951A-D5DE-4F2F-B9F2-F9284DB49C90}.Debug|Any CPU.ActiveCfg = Debug|Any CPU
		{C448951A-D5DE-4F2F-B9F2-F9284DB49C90}.Debug|Any CPU.Build.0 = Debug|Any CPU
		{C448951A-D5DE-4F2F-B9F2-F9284DB49C90}.Release|Any CPU.ActiveCfg = Release|Any CPU
		{C448951A-D5DE-4F2F-B9F2-F9284DB49C90}.Release|Any CPU.Build.0 = Release|Any CPU
		{3B01AD99-3D43-4309-AD7A-3F039FED94CC}.Debug|Any CPU.ActiveCfg = Debug|Any CPU
		{3B01AD99-3D43-4309-AD7A-3F039FED94CC}.Debug|Any CPU.Build.0 = Debug|Any CPU
		{3B01AD99-3D43-4309-AD7A-3F039FED94CC}.Release|Any CPU.ActiveCfg = Release|Any CPU
		{3B01AD99-3D43-4309-AD7A-3F039FED94CC}.Release|Any CPU.Build.0 = Release|Any CPU
	EndGlobalSection
	GlobalSection(SolutionProperties) = preSolution
		HideSolutionNode = FALSE
	EndGlobalSection
	GlobalSection(NestedProjects) = preSolution
		{F60690C6-CC5F-4A24-BDDE-44233774098B} = {3F5D6AC8-1702-4F21-9B07-DA00ACD5515B}
		{626B8AD7-7466-48EA-BDA6-EF1CF21EA3BD} = {3F5D6AC8-1702-4F21-9B07-DA00ACD5515B}
		{3D11EBCD-135E-458A-ABE6-25B45B0BC5CE} = {3F5D6AC8-1702-4F21-9B07-DA00ACD5515B}
		{2C239596-AC95-46D9-B96C-6466E3FF5EE5} = {8901D524-2A19-4B26-89CD-5243E23C3BB6}
		{44EE3336-8150-4A01-AC4B-22F3C8D724A8} = {8901D524-2A19-4B26-89CD-5243E23C3BB6}
		{E8579389-AB78-47F2-8F87-B12654CEF767} = {8901D524-2A19-4B26-89CD-5243E23C3BB6}
		{BB6622BE-C43F-495C-9AA2-3FCACDDC2D74} = {43230CD5-6B79-48A5-9689-46C5815890C5}
		{C448951A-D5DE-4F2F-B9F2-F9284DB49C90} = {43230CD5-6B79-48A5-9689-46C5815890C5}
		{3B01AD99-3D43-4309-AD7A-3F039FED94CC} = {43230CD5-6B79-48A5-9689-46C5815890C5}
	EndGlobalSection
	GlobalSection(ExtensibilityGlobals) = postSolution
		SolutionGuid = {764C06A2-B07D-4057-B768-1686B52F9749}
	EndGlobalSection
EndGlobal
